
Microsoft Visual Studio Solution File, Format Version 12.00
# Visual Studio Version 17
VisualStudioVersion = 17.8.34316.72
MinimumVisualStudioVersion = 10.0.40219.1
Project("{FAE04EC0-301F-11D3-BF4B-00C04F79EFBC}") = "AoC", "AoC2024\AoC.csproj", "{D9EA683C-524A-4F5C-9DB6-66FA3E4005E2}"
EndProject
Project("{FAE04EC0-301F-11D3-BF4B-00C04F79EFBC}") = "AoC.Tests", "AoC2024.Tests\AoC.Tests.csproj", "{382AF540-9859-4287-B6FF-7A90D3331BCF}"
EndProject
Project("{FAE04EC0-301F-11D3-BF4B-00C04F79EFBC}") = "AoC.Console", "AoC2024.Console\AoC.Console.csproj", "{92065B1F-AD7B-45F5-94FB-D80879AC141D}"
EndProject
Global
	GlobalSection(SolutionConfigurationPlatforms) = preSolution
		Debug|Any CPU = Debug|Any CPU
		Release|Any CPU = Release|Any CPU
	EndGlobalSection
	GlobalSection(ProjectConfigurationPlatforms) = postSolution
		{D9EA683C-524A-4F5C-9DB6-66FA3E4005E2}.Debug|Any CPU.ActiveCfg = Debug|Any CPU
		{D9EA683C-524A-4F5C-9DB6-66FA3E4005E2}.Debug|Any CPU.Build.0 = Debug|Any CPU
		{D9EA683C-524A-4F5C-9DB6-66FA3E4005E2}.Release|Any CPU.ActiveCfg = Release|Any CPU
		{D9EA683C-524A-4F5C-9DB6-66FA3E4005E2}.Release|Any CPU.Build.0 = Release|Any CPU
		{382AF540-9859-4287-B6FF-7A90D3331BCF}.Debug|Any CPU.ActiveCfg = Debug|Any CPU
		{382AF540-9859-4287-B6FF-7A90D3331BCF}.Debug|Any CPU.Build.0 = Debug|Any CPU
		{382AF540-9859-4287-B6FF-7A90D3331BCF}.Release|Any CPU.ActiveCfg = Release|Any CPU
		{382AF540-9859-4287-B6FF-7A90D3331BCF}.Release|Any CPU.Build.0 = Release|Any CPU
		{92065B1F-AD7B-45F5-94FB-D80879AC141D}.Debug|Any CPU.ActiveCfg = Debug|Any CPU
		{92065B1F-AD7B-45F5-94FB-D80879AC141D}.Debug|Any CPU.Build.0 = Debug|Any CPU
		{92065B1F-AD7B-45F5-94FB-D80879AC141D}.Release|Any CPU.ActiveCfg = Release|Any CPU
		{92065B1F-AD7B-45F5-94FB-D80879AC141D}.Release|Any CPU.Build.0 = Release|Any CPU
	EndGlobalSection
	GlobalSection(SolutionProperties) = preSolution
		HideSolutionNode = FALSE
	EndGlobalSection
	GlobalSection(ExtensibilityGlobals) = postSolution
		SolutionGuid = {544FBC5E-7E9D-4A4F-BB9E-F25DADB0CA1A}
	EndGlobalSection
EndGlobal
